{
    "_readme": [
        "This file locks the dependencies of your project to a known state",
        "Read more about it at https://getcomposer.org/doc/01-basic-usage.md#installing-dependencies",
        "This file is @generated automatically"
    ],
    "content-hash": "c70287780d48e8aba17e018d00d82df1",
    "packages": [
        {
            "name": "wordplate/acf",
            "version": "8.5.0",
            "source": {
                "type": "git",
                "url": "https://github.com/wordplate/extended-acf.git",
                "reference": "f38eda37462b7501456d9ff666ece5d60d7f0a39"
            },
            "dist": {
                "type": "zip",
                "url": "https://api.github.com/repos/wordplate/extended-acf/zipball/f38eda37462b7501456d9ff666ece5d60d7f0a39",
                "reference": "f38eda37462b7501456d9ff666ece5d60d7f0a39",
                "shasum": ""
            },
            "require": {
                "php": "^7.2"
            },
            "require-dev": {
                "phpunit/phpunit": "^8.0 || ^9.0",
                "squizlabs/php_codesniffer": "^3.5"
            },
            "type": "library",
            "extra": {
                "branch-alias": {
                    "dev-master": "8.5-dev"
                }
            },
            "autoload": {
                "psr-4": {
                    "WordPlate\\Acf\\": "src/"
                },
                "files": [
                    "src/helpers.php"
                ]
            },
            "notification-url": "https://packagist.org/downloads/",
            "license": [
                "MIT"
            ],
            "authors": [
                {
                    "name": "Vincent Klaiber",
                    "email": "hello@doubledip.se"
                },
                {
                    "name": "Chris Andersson",
                    "email": "hello@puredazzle.se"
                }
            ],
            "description": "Register advanced custom fields with object oriented PHP",
            "keywords": [
                "acf",
                "advanced",
                "custom",
                "fields",
                "wordplate",
                "wordpress"
            ],
            "time": "2020-08-04T18:52:59+00:00"
        }
    ],
    "packages-dev": [],
    "aliases": [],
    "minimum-stability": "stable",
    "stability-flags": [],
    "prefer-stable": false,
    "prefer-lowest": false,
    "platform": {
        "php": ">7.0"
    },
    "platform-dev": []
}
